{
  "name": "hackcopter-boilerplate",
  "version": "1.0.0",
  "lockfileVersion": 1,
  "requires": true,
  "dependencies": {
    "pdrone": {
      "version": "1.1.2",
      "requires": {
        "camelcase": "4.1.0",
        "pdrone-low-level": "1.1.2",
        "winston": "2.4.0"
      },
      "dependencies": {
        "abbrev": {
          "version": "1.1.1",
          "bundled": true,
          "optional": true
        },
        "ajv": {
          "version": "4.11.8",
          "bundled": true,
          "optional": true,
          "requires": {
            "co": "4.6.0",
            "json-stable-stringify": "1.0.1"
          }
        },
        "ansi-regex": {
          "version": "2.1.1",
          "bundled": true
        },
        "aproba": {
          "version": "1.2.0",
          "bundled": true,
          "optional": true
        },
        "are-we-there-yet": {
          "version": "1.1.4",
          "bundled": true,
          "optional": true,
          "requires": {
            "delegates": "1.0.0",
            "readable-stream": "2.3.4"
          }
        },
        "asn1": {
          "version": "0.2.3",
          "bundled": true,
          "optional": true
        },
        "assert-plus": {
          "version": "0.2.0",
          "bundled": true,
          "optional": true
        },
        "async": {
          "version": "1.0.0",
          "bundled": true
        },
        "asynckit": {
          "version": "0.4.0",
          "bundled": true,
          "optional": true
        },
        "aws-sign2": {
          "version": "0.6.0",
          "bundled": true,
          "optional": true
        },
        "aws4": {
          "version": "1.6.0",
          "bundled": true,
          "optional": true
        },
        "balanced-match": {
          "version": "1.0.0",
          "bundled": true
        },
        "bcrypt-pbkdf": {
          "version": "1.0.1",
          "bundled": true,
          "optional": true,
          "requires": {
            "tweetnacl": "0.14.5"
          }
        },
        "block-stream": {
          "version": "0.0.9",
          "bundled": true,
          "requires": {
            "inherits": "2.0.3"
          }
        },
        "bluetooth-hci-socket": {
          "version": "0.5.1",
          "bundled": true,
          "optional": true,
          "requires": {
            "debug": "2.2.0",
            "nan": "2.9.2",
            "usb": "1.3.1"
          }
        },
        "boom": {
          "version": "2.10.1",
          "bundled": true,
          "requires": {
            "hoek": "2.16.3"
          }
        },
        "bplist-parser": {
          "version": "0.0.6",
          "bundled": true,
          "optional": true
        },
        "brace-expansion": {
          "version": "1.1.11",
          "bundled": true,
          "requires": {
            "balanced-match": "1.0.0",
            "concat-map": "0.0.1"
          }
        },
        "camelcase": {
          "version": "4.1.0",
          "bundled": true
        },
        "case": {
          "version": "1.5.4",
          "bundled": true
        },
        "caseless": {
          "version": "0.12.0",
          "bundled": true,
          "optional": true
        },
        "co": {
          "version": "4.6.0",
          "bundled": true,
          "optional": true
        },
        "code-point-at": {
          "version": "1.1.0",
          "bundled": true
        },
        "colors": {
          "version": "1.0.3",
          "bundled": true
        },
        "combined-stream": {
          "version": "1.0.6",
          "bundled": true,
          "requires": {
            "delayed-stream": "1.0.0"
          }
        },
        "concat-map": {
          "version": "0.0.1",
          "bundled": true
        },
        "console-control-strings": {
          "version": "1.1.0",
          "bundled": true
        },
        "core-util-is": {
          "version": "1.0.2",
          "bundled": true
        },
        "cryptiles": {
          "version": "2.0.5",
          "bundled": true,
          "requires": {
            "boom": "2.10.1"
          }
        },
        "cycle": {
          "version": "1.0.3",
          "bundled": true
        },
        "dashdash": {
          "version": "1.14.1",
          "bundled": true,
          "optional": true,
          "requires": {
            "assert-plus": "1.0.0"
          },
          "dependencies": {
            "assert-plus": {
              "version": "1.0.0",
              "resolved": "https://registry.npmjs.org/assert-plus/-/assert-plus-1.0.0.tgz",
              "integrity": "sha1-8S4PPF13sLHN2RRpQuTpbB5N1SU=",
              "optional": true
            }
          }
        },
        "debug": {
          "version": "2.2.0",
          "bundled": true,
          "requires": {
            "ms": "0.7.1"
          }
        },
        "deep-extend": {
          "version": "0.4.2",
          "bundled": true,
          "optional": true
        },
        "delayed-stream": {
          "version": "1.0.0",
          "bundled": true
        },
        "delegates": {
          "version": "1.0.0",
          "bundled": true,
          "optional": true
        },
        "detect-libc": {
          "version": "1.0.3",
          "bundled": true,
          "optional": true
        },
        "ecc-jsbn": {
          "version": "0.1.1",
          "bundled": true,
          "optional": true,
          "requires": {
            "jsbn": "0.1.1"
          }
        },
        "extend": {
          "version": "3.0.1",
          "bundled": true,
          "optional": true
        },
        "extsprintf": {
          "version": "1.3.0",
          "bundled": true
        },
        "eyes": {
          "version": "0.1.8",
          "bundled": true
        },
        "forever-agent": {
          "version": "0.6.1",
          "bundled": true,
          "optional": true
        },
        "form-data": {
          "version": "2.1.4",
          "bundled": true,
          "optional": true,
          "requires": {
            "asynckit": "0.4.0",
            "combined-stream": "1.0.6",
            "mime-types": "2.1.18"
          }
        },
        "fs.realpath": {
          "version": "1.0.0",
          "bundled": true
        },
        "fstream": {
          "version": "1.0.11",
          "bundled": true,
          "requires": {
            "graceful-fs": "4.1.11",
            "inherits": "2.0.3",
            "mkdirp": "0.5.1",
            "rimraf": "2.6.2"
          }
        },
        "fstream-ignore": {
          "version": "1.0.5",
          "bundled": true,
          "optional": true,
          "requires": {
            "fstream": "1.0.11",
            "inherits": "2.0.3",
            "minimatch": "3.0.4"
          }
        },
        "gauge": {
          "version": "2.7.4",
          "bundled": true,
          "optional": true,
          "requires": {
            "aproba": "1.2.0",
            "console-control-strings": "1.1.0",
            "has-unicode": "2.0.1",
            "object-assign": "4.1.1",
            "signal-exit": "3.0.2",
            "string-width": "1.0.2",
            "strip-ansi": "3.0.1",
            "wide-align": "1.1.2"
          }
        },
        "getpass": {
          "version": "0.1.7",
          "bundled": true,
          "optional": true,
          "requires": {
            "assert-plus": "1.0.0"
          },
          "dependencies": {
            "assert-plus": {
              "version": "1.0.0",
              "resolved": "https://registry.npmjs.org/assert-plus/-/assert-plus-1.0.0.tgz",
              "integrity": "sha1-8S4PPF13sLHN2RRpQuTpbB5N1SU=",
              "optional": true
            }
          }
        },
        "glob": {
          "version": "7.1.2",
          "bundled": true,
          "requires": {
            "fs.realpath": "1.0.0",
            "inflight": "1.0.6",
            "inherits": "2.0.3",
            "minimatch": "3.0.4",
            "once": "1.4.0",
            "path-is-absolute": "1.0.1"
          }
        },
        "graceful-fs": {
          "version": "4.1.11",
          "bundled": true
        },
        "har-schema": {
          "version": "1.0.5",
          "bundled": true,
          "optional": true
        },
        "har-validator": {
          "version": "4.2.1",
          "bundled": true,
          "optional": true,
          "requires": {
            "ajv": "4.11.8",
            "har-schema": "1.0.5"
          }
        },
        "has-unicode": {
          "version": "2.0.1",
          "bundled": true,
          "optional": true
        },
        "hawk": {
          "version": "3.1.3",
          "bundled": true,
          "requires": {
            "boom": "2.10.1",
            "cryptiles": "2.0.5",
            "hoek": "2.16.3",
            "sntp": "1.0.9"
          }
        },
        "hoek": {
          "version": "2.16.3",
          "bundled": true
        },
        "http-signature": {
          "version": "1.1.1",
          "bundled": true,
          "optional": true,
          "requires": {
            "assert-plus": "0.2.0",
            "jsprim": "1.4.1",
            "sshpk": "1.13.1"
          }
        },
        "inflight": {
          "version": "1.0.6",
          "bundled": true,
          "requires": {
            "once": "1.4.0",
            "wrappy": "1.0.2"
          }
        },
        "inherits": {
          "version": "2.0.3",
          "bundled": true
        },
        "ini": {
          "version": "1.3.5",
          "bundled": true,
          "optional": true
        },
        "is-fullwidth-code-point": {
          "version": "1.0.0",
          "bundled": true,
          "requires": {
            "number-is-nan": "1.0.1"
          }
        },
        "is-typedarray": {
          "version": "1.0.0",
          "bundled": true,
          "optional": true
        },
        "isarray": {
          "version": "1.0.0",
          "bundled": true
        },
        "isstream": {
          "version": "0.1.2",
          "bundled": true
        },
        "jsbn": {
          "version": "0.1.1",
          "bundled": true,
          "optional": true
        },
        "json-schema": {
          "version": "0.2.3",
          "bundled": true,
          "optional": true
        },
        "json-stable-stringify": {
          "version": "1.0.1",
          "bundled": true,
          "optional": true,
          "requires": {
            "jsonify": "0.0.0"
          }
        },
        "json-stringify-safe": {
          "version": "5.0.1",
          "bundled": true,
          "optional": true
        },
        "jsonify": {
          "version": "0.0.0",
          "bundled": true,
          "optional": true
        },
        "jsprim": {
          "version": "1.4.1",
          "bundled": true,
          "optional": true,
          "requires": {
            "assert-plus": "1.0.0",
            "extsprintf": "1.3.0",
            "json-schema": "0.2.3",
            "verror": "1.10.0"
          },
          "dependencies": {
            "assert-plus": {
              "version": "1.0.0",
              "resolved": "https://registry.npmjs.org/assert-plus/-/assert-plus-1.0.0.tgz",
              "integrity": "sha1-8S4PPF13sLHN2RRpQuTpbB5N1SU=",
              "optional": true
            }
          }
        },
        "mime-db": {
          "version": "1.33.0",
          "bundled": true
        },
        "mime-types": {
          "version": "2.1.18",
          "bundled": true,
          "requires": {
            "mime-db": "1.33.0"
          }
        },
        "minimatch": {
          "version": "3.0.4",
          "bundled": true,
          "requires": {
            "brace-expansion": "1.1.11"
          }
        },
        "minimist": {
          "version": "0.0.8",
          "bundled": true
        },
        "mkdirp": {
          "version": "0.5.1",
          "bundled": true,
          "requires": {
            "minimist": "0.0.8"
          }
        },
        "ms": {
          "version": "0.7.1",
          "bundled": true
        },
        "nan": {
          "version": "2.9.2",
          "bundled": true,
          "optional": true
        },
        "noble": {
          "version": "https://github.com/noble/noble/archive/3cfb558c9f31aa9e1e5690f036fd2efcaf208d8e.tar.gz",
          "bundled": true,
          "requires": {
            "bluetooth-hci-socket": "0.5.1",
            "bplist-parser": "0.0.6",
            "debug": "2.2.0",
            "xpc-connection": "0.1.4"
          }
        },
        "node-pre-gyp": {
          "version": "0.6.39",
          "bundled": true,
          "optional": true,
          "requires": {
            "detect-libc": "1.0.3",
            "hawk": "3.1.3",
            "mkdirp": "0.5.1",
            "nopt": "4.0.1",
            "npmlog": "4.1.2",
            "rc": "1.2.5",
            "request": "2.81.0",
            "rimraf": "2.6.2",
            "semver": "5.5.0",
            "tar": "2.2.1",
            "tar-pack": "3.4.1"
          }
        },
        "nopt": {
          "version": "4.0.1",
          "bundled": true,
          "optional": true,
          "requires": {
            "abbrev": "1.1.1",
            "osenv": "0.1.5"
          }
        },
        "npmlog": {
          "version": "4.1.2",
          "bundled": true,
          "optional": true,
          "requires": {
            "are-we-there-yet": "1.1.4",
            "console-control-strings": "1.1.0",
            "gauge": "2.7.4",
            "set-blocking": "2.0.0"
          }
        },
        "number-is-nan": {
          "version": "1.0.1",
          "bundled": true
        },
        "oauth-sign": {
          "version": "0.8.2",
          "bundled": true,
          "optional": true
        },
        "object-assign": {
          "version": "4.1.1",
          "bundled": true,
          "optional": true
        },
        "once": {
          "version": "1.4.0",
          "bundled": true,
          "requires": {
            "wrappy": "1.0.2"
          }
        },
        "os-homedir": {
          "version": "1.0.2",
          "bundled": true,
          "optional": true
        },
        "os-tmpdir": {
          "version": "1.0.2",
          "bundled": true,
          "optional": true
        },
        "osenv": {
          "version": "0.1.5",
          "bundled": true,
          "optional": true,
          "requires": {
            "os-homedir": "1.0.2",
            "os-tmpdir": "1.0.2"
          }
        },
        "parrot-arsdk-xml": {
          "version": "https://github.com/algolia/arsdk-xml/archive/ac7193af6b93313d38c645354b185ab4fe85083a.tar.gz",
          "bundled": true
        },
        "path-is-absolute": {
          "version": "1.0.1",
          "bundled": true
        },
        "path-parse": {
          "version": "1.0.5",
          "bundled": true
        },
        "pdrone-low-level": {
          "version": "1.1.2",
          "bundled": true,
          "requires": {
            "case": "1.5.4",
            "noble": "https://github.com/noble/noble/archive/3cfb558c9f31aa9e1e5690f036fd2efcaf208d8e.tar.gz",
            "resolve": "1.5.0",
            "winston": "2.4.0",
            "xml2js": "0.4.19"
          }
        },
        "performance-now": {
          "version": "0.2.0",
          "bundled": true,
          "optional": true
        },
        "process-nextick-args": {
          "version": "2.0.0",
          "bundled": true
        },
        "punycode": {
          "version": "1.4.1",
          "bundled": true,
          "optional": true
        },
        "qs": {
          "version": "6.4.0",
          "bundled": true,
          "optional": true
        },
        "rc": {
          "version": "1.2.5",
          "bundled": true,
          "optional": true,
          "requires": {
            "deep-extend": "0.4.2",
            "ini": "1.3.5",
            "minimist": "1.2.0",
            "strip-json-comments": "2.0.1"
          },
          "dependencies": {
            "minimist": {
              "version": "1.2.0",
              "resolved": "https://registry.npmjs.org/minimist/-/minimist-1.2.0.tgz",
              "integrity": "sha1-o1AIsg9BOD7sH7kU9M1d95omQoQ=",
              "optional": true
            }
          }
        },
        "readable-stream": {
          "version": "2.3.4",
          "bundled": true,
          "requires": {
            "core-util-is": "1.0.2",
            "inherits": "2.0.3",
            "isarray": "1.0.0",
            "process-nextick-args": "2.0.0",
            "safe-buffer": "5.1.1",
            "string_decoder": "1.0.3",
            "util-deprecate": "1.0.2"
          }
        },
        "request": {
          "version": "2.81.0",
          "bundled": true,
          "optional": true,
          "requires": {
            "aws-sign2": "0.6.0",
            "aws4": "1.6.0",
            "caseless": "0.12.0",
            "combined-stream": "1.0.6",
            "extend": "3.0.1",
            "forever-agent": "0.6.1",
            "form-data": "2.1.4",
            "har-validator": "4.2.1",
            "hawk": "3.1.3",
            "http-signature": "1.1.1",
            "is-typedarray": "1.0.0",
            "isstream": "0.1.2",
            "json-stringify-safe": "5.0.1",
            "mime-types": "2.1.18",
            "oauth-sign": "0.8.2",
            "performance-now": "0.2.0",
            "qs": "6.4.0",
            "safe-buffer": "5.1.1",
            "stringstream": "0.0.5",
            "tough-cookie": "2.3.3",
            "tunnel-agent": "0.6.0",
            "uuid": "3.2.1"
          }
        },
        "resolve": {
          "version": "1.5.0",
          "bundled": true,
          "requires": {
            "path-parse": "1.0.5"
          }
        },
        "rimraf": {
          "version": "2.6.2",
          "bundled": true,
          "requires": {
            "glob": "7.1.2"
          }
        },
        "safe-buffer": {
          "version": "5.1.1",
          "bundled": true
        },
        "sax": {
          "version": "1.2.4",
          "bundled": true
        },
        "semver": {
          "version": "5.5.0",
          "bundled": true,
          "optional": true
        },
        "set-blocking": {
          "version": "2.0.0",
          "bundled": true,
          "optional": true
        },
        "signal-exit": {
          "version": "3.0.2",
          "bundled": true,
          "optional": true
        },
        "sntp": {
          "version": "1.0.9",
          "bundled": true,
          "requires": {
            "hoek": "2.16.3"
          }
        },
        "sshpk": {
          "version": "1.13.1",
          "bundled": true,
          "optional": true,
          "requires": {
            "asn1": "0.2.3",
            "assert-plus": "1.0.0",
            "bcrypt-pbkdf": "1.0.1",
            "dashdash": "1.14.1",
            "ecc-jsbn": "0.1.1",
            "getpass": "0.1.7",
            "jsbn": "0.1.1",
            "tweetnacl": "0.14.5"
          },
          "dependencies": {
            "assert-plus": {
              "version": "1.0.0",
              "resolved": "https://registry.npmjs.org/assert-plus/-/assert-plus-1.0.0.tgz",
              "integrity": "sha1-8S4PPF13sLHN2RRpQuTpbB5N1SU=",
              "optional": true
            }
          }
        },
        "stack-trace": {
          "version": "0.0.10",
          "bundled": true
        },
        "string-width": {
          "version": "1.0.2",
          "bundled": true,
          "requires": {
            "code-point-at": "1.1.0",
            "is-fullwidth-code-point": "1.0.0",
            "strip-ansi": "3.0.1"
          }
        },
        "string_decoder": {
          "version": "1.0.3",
          "bundled": true,
          "requires": {
            "safe-buffer": "5.1.1"
          }
        },
        "stringstream": {
          "version": "0.0.5",
          "bundled": true,
          "optional": true
        },
        "strip-ansi": {
          "version": "3.0.1",
          "bundled": true,
          "requires": {
            "ansi-regex": "2.1.1"
          }
        },
        "strip-json-comments": {
          "version": "2.0.1",
          "bundled": true,
          "optional": true
        },
        "tar": {
          "version": "2.2.1",
          "bundled": true,
          "requires": {
            "block-stream": "0.0.9",
            "fstream": "1.0.11",
            "inherits": "2.0.3"
          }
        },
        "tar-pack": {
          "version": "3.4.1",
          "bundled": true,
          "optional": true,
          "requires": {
            "debug": "2.2.0",
            "fstream": "1.0.11",
            "fstream-ignore": "1.0.5",
            "once": "1.4.0",
            "readable-stream": "2.3.4",
            "rimraf": "2.6.2",
            "tar": "2.2.1",
            "uid-number": "0.0.6"
          }
        },
        "tough-cookie": {
          "version": "2.3.3",
          "bundled": true,
          "optional": true,
          "requires": {
            "punycode": "1.4.1"
          }
        },
        "tunnel-agent": {
          "version": "0.6.0",
          "bundled": true,
          "optional": true,
          "requires": {
            "safe-buffer": "5.1.1"
          }
        },
        "tweetnacl": {
          "version": "0.14.5",
          "bundled": true,
          "optional": true
        },
        "uid-number": {
          "version": "0.0.6",
          "bundled": true,
          "optional": true
        },
        "usb": {
          "version": "1.3.1",
          "bundled": true,
          "optional": true,
          "requires": {
            "nan": "2.9.2",
            "node-pre-gyp": "0.6.39"
          }
        },
        "util-deprecate": {
          "version": "1.0.2",
          "bundled": true
        },
        "uuid": {
          "version": "3.2.1",
          "bundled": true,
          "optional": true
        },
        "verror": {
          "version": "1.10.0",
          "bundled": true,
          "optional": true,
          "requires": {
            "assert-plus": "1.0.0",
            "core-util-is": "1.0.2",
            "extsprintf": "1.3.0"
          },
          "dependencies": {
            "assert-plus": {
              "version": "1.0.0",
              "resolved": "https://registry.npmjs.org/assert-plus/-/assert-plus-1.0.0.tgz",
              "integrity": "sha1-8S4PPF13sLHN2RRpQuTpbB5N1SU=",
              "optional": true
            }
          }
        },
        "wide-align": {
          "version": "1.1.2",
          "bundled": true,
          "optional": true,
          "requires": {
            "string-width": "1.0.2"
          }
        },
        "winston": {
          "version": "2.4.0",
          "bundled": true,
          "requires": {
            "async": "1.0.0",
            "colors": "1.0.3",
            "cycle": "1.0.3",
            "eyes": "0.1.8",
            "isstream": "0.1.2",
            "stack-trace": "0.0.10"
          }
        },
        "wrappy": {
          "version": "1.0.2",
          "bundled": true
        },
        "xml2js": {
          "version": "0.4.19",
          "bundled": true,
          "requires": {
            "sax": "1.2.4",
            "xmlbuilder": "9.0.7"
          }
        },
        "xmlbuilder": {
          "version": "9.0.7",
          "bundled": true
        },
        "xpc-connection": {
          "version": "0.1.4",
          "bundled": true,
          "optional": true,
          "requires": {
            "nan": "2.9.2"
          }
        }
      }
    }
  }
}
